
Microsoft Visual Studio Solution File, Format Version 12.00
# Visual Studio Version 16
VisualStudioVersion = 16.0.31624.102
MinimumVisualStudioVersion = 10.0.40219.1
Project("{9A19103F-16F7-4668-BE54-9A1E7A4F7556}") = "TicTacToe", "TicTacToe\TicTacToe.csproj", "{2B73001F-1DAF-4E3A-84A4-AA46C60A5E16}"
EndProject
Project("{FAE04EC0-301F-11D3-BF4B-00C04F79EFBC}") = "AlgorithmTTT", "AlgorithmTTT\AlgorithmTTT.csproj", "{66E382B5-3F33-4316-9C1A-A1BA9230D282}"
EndProject
Global
	GlobalSection(SolutionConfigurationPlatforms) = preSolution
		Debug|Any CPU = Debug|Any CPU
		Release|Any CPU = Release|Any CPU
	EndGlobalSection
	GlobalSection(ProjectConfigurationPlatforms) = postSolution
		{2B73001F-1DAF-4E3A-84A4-AA46C60A5E16}.Debug|Any CPU.ActiveCfg = Debug|Any CPU
		{2B73001F-1DAF-4E3A-84A4-AA46C60A5E16}.Debug|Any CPU.Build.0 = Debug|Any CPU
		{2B73001F-1DAF-4E3A-84A4-AA46C60A5E16}.Release|Any CPU.ActiveCfg = Release|Any CPU
		{2B73001F-1DAF-4E3A-84A4-AA46C60A5E16}.Release|Any CPU.Build.0 = Release|Any CPU
		{66E382B5-3F33-4316-9C1A-A1BA9230D282}.Debug|Any CPU.ActiveCfg = Debug|Any CPU
		{66E382B5-3F33-4316-9C1A-A1BA9230D282}.Debug|Any CPU.Build.0 = Debug|Any CPU
		{66E382B5-3F33-4316-9C1A-A1BA9230D282}.Release|Any CPU.ActiveCfg = Release|Any CPU
		{66E382B5-3F33-4316-9C1A-A1BA9230D282}.Release|Any CPU.Build.0 = Release|Any CPU
	EndGlobalSection
	GlobalSection(SolutionProperties) = preSolution
		HideSolutionNode = FALSE
	EndGlobalSection
	GlobalSection(ExtensibilityGlobals) = postSolution
		SolutionGuid = {D6A720F7-D79B-43CB-91B6-B836BCE2AC93}
	EndGlobalSection
EndGlobal
